
Microsoft Visual Studio Solution File, Format Version 12.00
# Visual Studio Version 17
VisualStudioVersion = 17.13.36105.23 d17.13
MinimumVisualStudioVersion = 10.0.40219.1
Project("{FAE04EC0-301F-11D3-BF4B-00C04F79EFBC}") = "CSFormat", "CSFormat.csproj", "{B078A51F-80E0-48BF-82D8-5896AA68D265}"
EndProject
Global
	GlobalSection(SolutionConfigurationPlatforms) = preSolution
		Debug|Any CPU = Debug|Any CPU
		Release|Any CPU = Release|Any CPU
	EndGlobalSection
	GlobalSection(ProjectConfigurationPlatforms) = postSolution
		{B078A51F-80E0-48BF-82D8-5896AA68D265}.Debug|Any CPU.ActiveCfg = Debug|Any CPU
		{B078A51F-80E0-48BF-82D8-5896AA68D265}.Debug|Any CPU.Build.0 = Debug|Any CPU
		{B078A51F-80E0-48BF-82D8-5896AA68D265}.Release|Any CPU.ActiveCfg = Release|Any CPU
		{B078A51F-80E0-48BF-82D8-5896AA68D265}.Release|Any CPU.Build.0 = Release|Any CPU
	EndGlobalSection
	GlobalSection(SolutionProperties) = preSolution
		HideSolutionNode = FALSE
	EndGlobalSection
	GlobalSection(ExtensibilityGlobals) = postSolution
		SolutionGuid = {30B3AF02-E063-41EE-833F-B902E7F2EC80}
	EndGlobalSection
EndGlobal
